
Microsoft Visual Studio Solution File, Format Version 12.00
# Visual Studio Version 17
VisualStudioVersion = 17.4.33213.308
MinimumVisualStudioVersion = 10.0.40219.1
Project("{FAE04EC0-301F-11D3-BF4B-00C04F79EFBC}") = "ClassLibraryPassword", "ClassLibraryPassword\ClassLibraryPassword.csproj", "{6A8CFBEE-78DA-45E2-9B82-FA79DEA665DC}"
EndProject
Project("{FAE04EC0-301F-11D3-BF4B-00C04F79EFBC}") = "ClassLibraryPasswordTests", "ClassLibraryPasswordTests\ClassLibraryPasswordTests.csproj", "{2DE5E9BE-3314-49ED-B3E5-575BEC3D1DB6}"
EndProject
Global
	GlobalSection(SolutionConfigurationPlatforms) = preSolution
		Debug|Any CPU = Debug|Any CPU
		Release|Any CPU = Release|Any CPU
	EndGlobalSection
	GlobalSection(ProjectConfigurationPlatforms) = postSolution
		{6A8CFBEE-78DA-45E2-9B82-FA79DEA665DC}.Debug|Any CPU.ActiveCfg = Debug|Any CPU
		{6A8CFBEE-78DA-45E2-9B82-FA79DEA665DC}.Debug|Any CPU.Build.0 = Debug|Any CPU
		{6A8CFBEE-78DA-45E2-9B82-FA79DEA665DC}.Release|Any CPU.ActiveCfg = Release|Any CPU
		{6A8CFBEE-78DA-45E2-9B82-FA79DEA665DC}.Release|Any CPU.Build.0 = Release|Any CPU
		{2DE5E9BE-3314-49ED-B3E5-575BEC3D1DB6}.Debug|Any CPU.ActiveCfg = Debug|Any CPU
		{2DE5E9BE-3314-49ED-B3E5-575BEC3D1DB6}.Debug|Any CPU.Build.0 = Debug|Any CPU
		{2DE5E9BE-3314-49ED-B3E5-575BEC3D1DB6}.Release|Any CPU.ActiveCfg = Release|Any CPU
		{2DE5E9BE-3314-49ED-B3E5-575BEC3D1DB6}.Release|Any CPU.Build.0 = Release|Any CPU
	EndGlobalSection
	GlobalSection(SolutionProperties) = preSolution
		HideSolutionNode = FALSE
	EndGlobalSection
	GlobalSection(ExtensibilityGlobals) = postSolution
		SolutionGuid = {2956AB3F-00DB-4CA1-89D5-67E521AACB01}
	EndGlobalSection
EndGlobal
